// This lockfile was autogenerated by Pants. To regenerate, run:
//
//    pants generate-lockfiles --resolve=python-default
//
// --- BEGIN PANTS LOCKFILE METADATA: DO NOT EDIT OR REMOVE ---
// {
//   "version": 3,
//   "valid_for_interpreter_constraints": [
//     "CPython==3.11.*"
//   ],
//   "generated_with_requirements": [
//     "networkx",
//     "pydot"
//   ],
//   "manylinux": "manylinux2014",
//   "requirement_constraints": [],
//   "only_binary": [],
//   "no_binary": []
// }
// --- END PANTS LOCKFILE METADATA ---

{
  "allow_builds": true,
  "allow_prereleases": false,
  "allow_wheels": true,
  "build_isolation": true,
  "constraints": [],
  "locked_resolves": [
    {
      "locked_requirements": [
        {
          "artifacts": [
            {
              "algorithm": "sha256",
              "hash": "4f33f68cb2afcf86f28a45f43efc27a9386b535d567d2127f8f61d51dec58d36",
              "url": "https://files.pythonhosted.org/packages/a8/05/9d4f9b78ead6b2661d6e8ea772e111fc4a9fbd866ad0c81906c11206b55e/networkx-3.1-py3-none-any.whl"
            },
            {
              "algorithm": "sha256",
              "hash": "de346335408f84de0eada6ff9fafafff9bcda11f0a0dfaa931133debb146ab61",
              "url": "https://files.pythonhosted.org/packages/fd/a1/47b974da1a73f063c158a1f4cc33ed0abf7c04f98a19050e80c533c31f0c/networkx-3.1.tar.gz"
            }
          ],
          "project_name": "networkx",
          "requires_dists": [
            "codecov>=2.1; extra == \"test\"",
            "lxml>=4.6; extra == \"extra\"",
            "matplotlib>=3.4; extra == \"default\"",
            "mypy>=1.1; extra == \"developer\"",
            "nb2plots>=0.6; extra == \"doc\"",
            "numpy>=1.20; extra == \"default\"",
            "numpydoc>=1.5; extra == \"doc\"",
            "pandas>=1.3; extra == \"default\"",
            "pillow>=9.4; extra == \"doc\"",
            "pre-commit>=3.2; extra == \"developer\"",
            "pydata-sphinx-theme>=0.13; extra == \"doc\"",
            "pydot>=1.4.2; extra == \"extra\"",
            "pygraphviz>=1.10; extra == \"extra\"",
            "pytest-cov>=4.0; extra == \"test\"",
            "pytest>=7.2; extra == \"test\"",
            "scipy>=1.8; extra == \"default\"",
            "sphinx-gallery>=0.12; extra == \"doc\"",
            "sphinx>=6.1; extra == \"doc\"",
            "sympy>=1.10; extra == \"extra\"",
            "texext>=0.6.7; extra == \"doc\""
          ],
          "requires_python": ">=3.8",
          "version": "3.1"
        },
        {
          "artifacts": [
            {
              "algorithm": "sha256",
              "hash": "66c98190c65b8d2e2382a441b4c0edfdb4f4c025ef9cb9874de478fb0793a451",
              "url": "https://files.pythonhosted.org/packages/ea/76/75b1bb82e9bad3e3d656556eaa353d8cd17c4254393b08ec9786ac8ed273/pydot-1.4.2-py2.py3-none-any.whl"
            },
            {
              "algorithm": "sha256",
              "hash": "248081a39bcb56784deb018977e428605c1c758f10897a339fce1dd728ff007d",
              "url": "https://files.pythonhosted.org/packages/13/6e/916cdf94f9b38ae0777b254c75c3bdddee49a54cc4014aac1460a7a172b3/pydot-1.4.2.tar.gz"
            }
          ],
          "project_name": "pydot",
          "requires_dists": [
            "pyparsing>=2.1.4"
          ],
          "requires_python": "!=3.0.*,!=3.1.*,!=3.2.*,!=3.3.*,>=2.7",
          "version": "1.4.2"
        },
        {
          "artifacts": [
            {
              "algorithm": "sha256",
              "hash": "32c7c0b711493c72ff18a981d24f28aaf9c1fb7ed5e9667c9e84e3db623bdbfb",
              "url": "https://files.pythonhosted.org/packages/39/92/8486ede85fcc088f1b3dba4ce92dd29d126fd96b0008ea213167940a2475/pyparsing-3.1.1-py3-none-any.whl"
            },
            {
              "algorithm": "sha256",
              "hash": "ede28a1a32462f5a9705e07aea48001a08f7cf81a021585011deba701581a0db",
              "url": "https://files.pythonhosted.org/packages/37/fe/65c989f70bd630b589adfbbcd6ed238af22319e90f059946c26b4835e44b/pyparsing-3.1.1.tar.gz"
            }
          ],
          "project_name": "pyparsing",
          "requires_dists": [
            "jinja2; extra == \"diagrams\"",
            "railroad-diagrams; extra == \"diagrams\""
          ],
          "requires_python": ">=3.6.8",
          "version": "3.1.1"
        }
      ],
      "platform_tag": null
    }
  ],
  "path_mappings": {},
  "pex_version": "2.1.134",
  "pip_version": "20.3.4-patched",
  "prefer_older_binary": false,
  "requirements": [
    "networkx",
    "pydot"
  ],
  "requires_python": [
    "==3.11.*"
  ],
  "resolver_version": "pip-2020-resolver",
  "style": "universal",
  "target_systems": [
    "linux",
    "mac"
  ],
  "transitive": true,
  "use_pep517": null
}
